
Microsoft Visual Studio Solution File, Format Version 12.00
# Visual Studio Version 17
VisualStudioVersion = 17.10.35013.160
MinimumVisualStudioVersion = 10.0.40219.1
Project("{9A19103F-16F7-4668-BE54-9A1E7A4F7556}") = "Supermarket-Managementsystem", "Supermarket-Managementsystem\Supermarket-Managementsystem.csproj", "{98D30E02-6BF5-461C-BFD6-9EC250554824}"
EndProject
Global
	GlobalSection(SolutionConfigurationPlatforms) = preSolution
		Debug|Any CPU = Debug|Any CPU
		Release|Any CPU = Release|Any CPU
	EndGlobalSection
	GlobalSection(ProjectConfigurationPlatforms) = postSolution
		{98D30E02-6BF5-461C-BFD6-9EC250554824}.Debug|Any CPU.ActiveCfg = Debug|Any CPU
		{98D30E02-6BF5-461C-BFD6-9EC250554824}.Debug|Any CPU.Build.0 = Debug|Any CPU
		{98D30E02-6BF5-461C-BFD6-9EC250554824}.Release|Any CPU.ActiveCfg = Release|Any CPU
		{98D30E02-6BF5-461C-BFD6-9EC250554824}.Release|Any CPU.Build.0 = Release|Any CPU
	EndGlobalSection
	GlobalSection(SolutionProperties) = preSolution
		HideSolutionNode = FALSE
	EndGlobalSection
	GlobalSection(ExtensibilityGlobals) = postSolution
		SolutionGuid = {E2671692-81D2-4799-A801-24ADA84B27A2}
	EndGlobalSection
EndGlobal
